
Microsoft Visual Studio Solution File, Format Version 12.00
# Visual Studio Version 16
VisualStudioVersion = 16.0.31321.278
MinimumVisualStudioVersion = 10.0.40219.1
Project("{FAE04EC0-301F-11D3-BF4B-00C04F79EFBC}") = "CommonMathUT", "CommonMathUT.csproj", "{3243BB49-9833-4C7B-8334-C6624C07CF21}"
EndProject
Global
	GlobalSection(SolutionConfigurationPlatforms) = preSolution
		Debug|Any CPU = Debug|Any CPU
		Release|Any CPU = Release|Any CPU
	EndGlobalSection
	GlobalSection(ProjectConfigurationPlatforms) = postSolution
		{3243BB49-9833-4C7B-8334-C6624C07CF21}.Debug|Any CPU.ActiveCfg = Debug|Any CPU
		{3243BB49-9833-4C7B-8334-C6624C07CF21}.Debug|Any CPU.Build.0 = Debug|Any CPU
		{3243BB49-9833-4C7B-8334-C6624C07CF21}.Release|Any CPU.ActiveCfg = Release|Any CPU
		{3243BB49-9833-4C7B-8334-C6624C07CF21}.Release|Any CPU.Build.0 = Release|Any CPU
	EndGlobalSection
	GlobalSection(SolutionProperties) = preSolution
		HideSolutionNode = FALSE
	EndGlobalSection
	GlobalSection(ExtensibilityGlobals) = postSolution
		SolutionGuid = {5CF5E0B2-0745-4EF7-9F8D-84BE5740CD76}
	EndGlobalSection
EndGlobal
